// !$*UTF8*$!
{
	archiveVersion = 1;
	classes = {
	};
	objectVersion = 50;
	objects = {

/* Begin PBXBuildFile section */
		C91EEE6925A6294900D8A13E /* CustomSwiftUIPagerApp.swift in Sources */ = {isa = PBXBuildFile; fileRef = C91EEE6825A6294900D8A13E /* CustomSwiftUIPagerApp.swift */; };
		C91EEE6B25A6294900D8A13E /* ContentView.swift in Sources */ = {isa = PBXBuildFile; fileRef = C91EEE6A25A6294900D8A13E /* ContentView.swift */; };
		C91EEE6D25A6294B00D8A13E /* Assets.xcassets in Resources */ = {isa = PBXBuildFile; fileRef = C91EEE6C25A6294B00D8A13E /* Assets.xcassets */; };
		C91EEE7025A6294B00D8A13E /* Preview Assets.xcassets in Resources */ = {isa = PBXBuildFile; fileRef = C91EEE6F25A6294B00D8A13E /* Preview Assets.xcassets */; };
		C91EEE7A25A629F900D8A13E /* PagerContentView.swift in Sources */ = {isa = PBXBuildFile; fileRef = C91EEE7925A629F900D8A13E /* PagerContentView.swift */; };
		C91EEE7F25A62A4600D8A13E /* PagerMainView.swift in Sources */ = {isa = PBXBuildFile; fileRef = C91EEE7E25A62A4600D8A13E /* PagerMainView.swift */; };
		C91EEE8325A62A5A00D8A13E /* PagerView1.swift in Sources */ = {isa = PBXBuildFile; fileRef = C91EEE8225A62A5A00D8A13E /* PagerView1.swift */; };
		C91EEE8625A62A6D00D8A13E /* PagerView2.swift in Sources */ = {isa = PBXBuildFile; fileRef = C91EEE8525A62A6D00D8A13E /* PagerView2.swift */; };
		C91EEE8925A62A7E00D8A13E /* PagerView3.swift in Sources */ = {isa = PBXBuildFile; fileRef = C91EEE8825A62A7E00D8A13E /* PagerView3.swift */; };
		C91EEE9525A8A9B600D8A13E /* Extensions.swift in Sources */ = {isa = PBXBuildFile; fileRef = C91EEE9425A8A9B600D8A13E /* Extensions.swift */; };
		C91EEE9925A8AB9C00D8A13E /* Modifiers.swift in Sources */ = {isa = PBXBuildFile; fileRef = C91EEE9825A8AB9C00D8A13E /* Modifiers.swift */; };
/* End PBXBuildFile section */

/* Begin PBXFileReference section */
		C91EEE6525A6294900D8A13E /* CustomSwiftUIPager.app */ = {isa = PBXFileReference; explicitFileType = wrapper.application; includeInIndex = 0; path = CustomSwiftUIPager.app; sourceTree = BUILT_PRODUCTS_DIR; };
		C91EEE6825A6294900D8A13E /* CustomSwiftUIPagerApp.swift */ = {isa = PBXFileReference; lastKnownFileType = sourcecode.swift; path = CustomSwiftUIPagerApp.swift; sourceTree = "<group>"; };
		C91EEE6A25A6294900D8A13E /* ContentView.swift */ = {isa = PBXFileReference; lastKnownFileType = sourcecode.swift; path = ContentView.swift; sourceTree = "<group>"; };
		C91EEE6C25A6294B00D8A13E /* Assets.xcassets */ = {isa = PBXFileReference; lastKnownFileType = folder.assetcatalog; path = Assets.xcassets; sourceTree = "<group>"; };
		C91EEE6F25A6294B00D8A13E /* Preview Assets.xcassets */ = {isa = PBXFileReference; lastKnownFileType = folder.assetcatalog; path = "Preview Assets.xcassets"; sourceTree = "<group>"; };
		C91EEE7125A6294B00D8A13E /* Info.plist */ = {isa = PBXFileReference; lastKnownFileType = text.plist.xml; path = Info.plist; sourceTree = "<group>"; };
		C91EEE7925A629F900D8A13E /* PagerContentView.swift */ = {isa = PBXFileReference; lastKnownFileType = sourcecode.swift; path = PagerContentView.swift; sourceTree = "<group>"; };
		C91EEE7E25A62A4600D8A13E /* PagerMainView.swift */ = {isa = PBXFileReference; lastKnownFileType = sourcecode.swift; path = PagerMainView.swift; sourceTree = "<group>"; };
		C91EEE8225A62A5A00D8A13E /* PagerView1.swift */ = {isa = PBXFileReference; lastKnownFileType = sourcecode.swift; path = PagerView1.swift; sourceTree = "<group>"; };
		C91EEE8525A62A6D00D8A13E /* PagerView2.swift */ = {isa = PBXFileReference; lastKnownFileType = sourcecode.swift; path = PagerView2.swift; sourceTree = "<group>"; };
		C91EEE8825A62A7E00D8A13E /* PagerView3.swift */ = {isa = PBXFileReference; lastKnownFileType = sourcecode.swift; path = PagerView3.swift; sourceTree = "<group>"; };
		C91EEE9425A8A9B600D8A13E /* Extensions.swift */ = {isa = PBXFileReference; lastKnownFileType = sourcecode.swift; path = Extensions.swift; sourceTree = "<group>"; };
		C91EEE9825A8AB9C00D8A13E /* Modifiers.swift */ = {isa = PBXFileReference; lastKnownFileType = sourcecode.swift; path = Modifiers.swift; sourceTree = "<group>"; };
/* End PBXFileReference section */

/* Begin PBXFrameworksBuildPhase section */
		C91EEE6225A6294800D8A13E /* Frameworks */ = {
			isa = PBXFrameworksBuildPhase;
			buildActionMask = 2147483647;
			files = (
			);
			runOnlyForDeploymentPostprocessing = 0;
		};
/* End PBXFrameworksBuildPhase section */

/* Begin PBXGroup section */
		C91EEE5C25A6294800D8A13E = {
			isa = PBXGroup;
			children = (
				C91EEE6725A6294900D8A13E /* CustomSwiftUIPager */,
				C91EEE6625A6294900D8A13E /* Products */,
			);
			sourceTree = "<group>";
		};
		C91EEE6625A6294900D8A13E /* Products */ = {
			isa = PBXGroup;
			children = (
				C91EEE6525A6294900D8A13E /* CustomSwiftUIPager.app */,
			);
			name = Products;
			sourceTree = "<group>";
		};
		C91EEE6725A6294900D8A13E /* CustomSwiftUIPager */ = {
			isa = PBXGroup;
			children = (
				C91EEE6825A6294900D8A13E /* CustomSwiftUIPagerApp.swift */,
				C91EEE6A25A6294900D8A13E /* ContentView.swift */,
				C91EEE9325A8A9A000D8A13E /* Helpers */,
				C91EEE7D25A62A2E00D8A13E /* Screens */,
				C91EEE7825A629E700D8A13E /* Views */,
				C91EEE6C25A6294B00D8A13E /* Assets.xcassets */,
				C91EEE7125A6294B00D8A13E /* Info.plist */,
				C91EEE6E25A6294B00D8A13E /* Preview Content */,
			);
			path = CustomSwiftUIPager;
			sourceTree = "<group>";
		};
		C91EEE6E25A6294B00D8A13E /* Preview Content */ = {
			isa = PBXGroup;
			children = (
				C91EEE6F25A6294B00D8A13E /* Preview Assets.xcassets */,
			);
			path = "Preview Content";
			sourceTree = "<group>";
		};
		C91EEE7825A629E700D8A13E /* Views */ = {
			isa = PBXGroup;
			children = (
				C91EEE7E25A62A4600D8A13E /* PagerMainView.swift */,
				C91EEE7925A629F900D8A13E /* PagerContentView.swift */,
			);
			path = Views;
			sourceTree = "<group>";
		};
		C91EEE7D25A62A2E00D8A13E /* Screens */ = {
			isa = PBXGroup;
			children = (
				C91EEE8225A62A5A00D8A13E /* PagerView1.swift */,
				C91EEE8525A62A6D00D8A13E /* PagerView2.swift */,
				C91EEE8825A62A7E00D8A13E /* PagerView3.swift */,
			);
			path = Screens;
			sourceTree = "<group>";
		};
		C91EEE9325A8A9A000D8A13E /* Helpers */ = {
			isa = PBXGroup;
			children = (
				C91EEE9425A8A9B600D8A13E /* Extensions.swift */,
				C91EEE9825A8AB9C00D8A13E /* Modifiers.swift */,
			);
			path = Helpers;
			sourceTree = "<group>";
		};
/* End PBXGroup section */

/* Begin PBXNativeTarget section */
		C91EEE6425A6294800D8A13E /* CustomSwiftUIPager */ = {
			isa = PBXNativeTarget;
			buildConfigurationList = C91EEE7425A6294B00D8A13E /* Build configuration list for PBXNativeTarget "CustomSwiftUIPager" */;
			buildPhases = (
				C91EEE6125A6294800D8A13E /* Sources */,
				C91EEE6225A6294800D8A13E /* Frameworks */,
				C91EEE6325A6294800D8A13E /* Resources */,
			);
			buildRules = (
			);
			dependencies = (
			);
			name = CustomSwiftUIPager;
			productName = CustomSwiftUIPager;
			productReference = C91EEE6525A6294900D8A13E /* CustomSwiftUIPager.app */;
			productType = "com.apple.product-type.application";
		};
/* End PBXNativeTarget section */

/* Begin PBXProject section */
		C91EEE5D25A6294800D8A13E /* Project object */ = {
			isa = PBXProject;
			attributes = {
				LastSwiftUpdateCheck = 1220;
				LastUpgradeCheck = 1220;
				TargetAttributes = {
					C91EEE6425A6294800D8A13E = {
						CreatedOnToolsVersion = 12.2;
					};
				};
			};
			buildConfigurationList = C91EEE6025A6294800D8A13E /* Build configuration list for PBXProject "CustomSwiftUIPager" */;
			compatibilityVersion = "Xcode 9.3";
			developmentRegion = en;
			hasScannedForEncodings = 0;
			knownRegions = (
				en,
				Base,
			);
			mainGroup = C91EEE5C25A6294800D8A13E;
			productRefGroup = C91EEE6625A6294900D8A13E /* Products */;
			projectDirPath = "";
			projectRoot = "";
			targets = (
				C91EEE6425A6294800D8A13E /* CustomSwiftUIPager */,
			);
		};
/* End PBXProject section */

/* Begin PBXResourcesBuildPhase section */
		C91EEE6325A6294800D8A13E /* Resources */ = {
			isa = PBXResourcesBuildPhase;
			buildActionMask = 2147483647;
			files = (
				C91EEE7025A6294B00D8A13E /* Preview Assets.xcassets in Resources */,
				C91EEE6D25A6294B00D8A13E /* Assets.xcassets in Resources */,
			);
			runOnlyForDeploymentPostprocessing = 0;
		};
/* End PBXResourcesBuildPhase section */

/* Begin PBXSourcesBuildPhase section */
		C91EEE6125A6294800D8A13E /* Sources */ = {
			isa = PBXSourcesBuildPhase;
			buildActionMask = 2147483647;
			files = (
				C91EEE6B25A6294900D8A13E /* ContentView.swift in Sources */,
				C91EEE7F25A62A4600D8A13E /* PagerMainView.swift in Sources */,
				C91EEE8925A62A7E00D8A13E /* PagerView3.swift in Sources */,
				C91EEE9525A8A9B600D8A13E /* Extensions.swift in Sources */,
				C91EEE8325A62A5A00D8A13E /* PagerView1.swift in Sources */,
				C91EEE7A25A629F900D8A13E /* PagerContentView.swift in Sources */,
				C91EEE6925A6294900D8A13E /* CustomSwiftUIPagerApp.swift in Sources */,
				C91EEE9925A8AB9C00D8A13E /* Modifiers.swift in Sources */,
				C91EEE8625A62A6D00D8A13E /* PagerView2.swift in Sources */,
			);
			runOnlyForDeploymentPostprocessing = 0;
		};
/* End PBXSourcesBuildPhase section */

/* Begin XCBuildConfiguration section */
		C91EEE7225A6294B00D8A13E /* Debug */ = {
			isa = XCBuildConfiguration;
			buildSettings = {
				ALWAYS_SEARCH_USER_PATHS = NO;
				CLANG_ANALYZER_NONNULL = YES;
				CLANG_ANALYZER_NUMBER_OBJECT_CONVERSION = YES_AGGRESSIVE;
				CLANG_CXX_LANGUAGE_STANDARD = "gnu++14";
				CLANG_CXX_LIBRARY = "libc++";
				CLANG_ENABLE_MODULES = YES;
				CLANG_ENABLE_OBJC_ARC = YES;
				CLANG_ENABLE_OBJC_WEAK = YES;
				CLANG_WARN_BLOCK_CAPTURE_AUTORELEASING = YES;
				CLANG_WARN_BOOL_CONVERSION = YES;
				CLANG_WARN_COMMA = YES;
				CLANG_WARN_CONSTANT_CONVERSION = YES;
				CLANG_WARN_DEPRECATED_OBJC_IMPLEMENTATIONS = YES;
				CLANG_WARN_DIRECT_OBJC_ISA_USAGE = YES_ERROR;
				CLANG_WARN_DOCUMENTATION_COMMENTS = YES;
				CLANG_WARN_EMPTY_BODY = YES;
				CLANG_WARN_ENUM_CONVERSION = YES;
				CLANG_WARN_INFINITE_RECURSION = YES;
				CLANG_WARN_INT_CONVERSION = YES;
				CLANG_WARN_NON_LITERAL_NULL_CONVERSION = YES;
				CLANG_WARN_OBJC_IMPLICIT_RETAIN_SELF = YES;
				CLANG_WARN_OBJC_LITERAL_CONVERSION = YES;
				CLANG_WARN_OBJC_ROOT_CLASS = YES_ERROR;
				CLANG_WARN_QUOTED_INCLUDE_IN_FRAMEWORK_HEADER = YES;
				CLANG_WARN_RANGE_LOOP_ANALYSIS = YES;
				CLANG_WARN_STRICT_PROTOTYPES = YES;
				CLANG_WARN_SUSPICIOUS_MOVE = YES;
				CLANG_WARN_UNGUARDED_AVAILABILITY = YES_AGGRESSIVE;
				CLANG_WARN_UNREACHABLE_CODE = YES;
				CLANG_WARN__DUPLICATE_METHOD_MATCH = YES;
				COPY_PHASE_STRIP = NO;
				DEBUG_INFORMATION_FORMAT = dwarf;
				ENABLE_STRICT_OBJC_MSGSEND = YES;
				ENABLE_TESTABILITY = YES;
				GCC_C_LANGUAGE_STANDARD = gnu11;
				GCC_DYNAMIC_NO_PIC = NO;
				GCC_NO_COMMON_BLOCKS = YES;
				GCC_OPTIMIZATION_LEVEL = 0;
				GCC_PREPROCESSOR_DEFINITIONS = (
					"DEBUG=1",
					"$(inherited)",
				);
				GCC_WARN_64_TO_32_BIT_CONVERSION = YES;
				GCC_WARN_ABOUT_RETURN_TYPE = YES_ERROR;
				GCC_WARN_UNDECLARED_SELECTOR = YES;
				GCC_WARN_UNINITIALIZED_AUTOS = YES_AGGRESSIVE;
				GCC_WARN_UNUSED_FUNCTION = YES;
				GCC_WARN_UNUSED_VARIABLE = YES;
				IPHONEOS_DEPLOYMENT_TARGET = 14.2;
				MTL_ENABLE_DEBUG_INFO = INCLUDE_SOURCE;
				MTL_FAST_MATH = YES;
				ONLY_ACTIVE_ARCH = YES;
				SDKROOT = iphoneos;
				SWIFT_ACTIVE_COMPILATION_CONDITIONS = DEBUG;
				SWIFT_OPTIMIZATION_LEVEL = "-Onone";
			};
			name = Debug;
		};
		C91EEE7325A6294B00D8A13E /* Release */ = {
			isa = XCBuildConfiguration;
			buildSettings = {
				ALWAYS_SEARCH_USER_PATHS = NO;
				CLANG_ANALYZER_NONNULL = YES;
				CLANG_ANALYZER_NUMBER_OBJECT_CONVERSION = YES_AGGRESSIVE;
				CLANG_CXX_LANGUAGE_STANDARD = "gnu++14";
				CLANG_CXX_LIBRARY = "libc++";
				CLANG_ENABLE_MODULES = YES;
				CLANG_ENABLE_OBJC_ARC = YES;
				CLANG_ENABLE_OBJC_WEAK = YES;
				CLANG_WARN_BLOCK_CAPTURE_AUTORELEASING = YES;
				CLANG_WARN_BOOL_CONVERSION = YES;
				CLANG_WARN_COMMA = YES;
				CLANG_WARN_CONSTANT_CONVERSION = YES;
				CLANG_WARN_DEPRECATED_OBJC_IMPLEMENTATIONS = YES;
				CLANG_WARN_DIRECT_OBJC_ISA_USAGE = YES_ERROR;
				CLANG_WARN_DOCUMENTATION_COMMENTS = YES;
				CLANG_WARN_EMPTY_BODY = YES;
				CLANG_WARN_ENUM_CONVERSION = YES;
				CLANG_WARN_INFINITE_RECURSION = YES;
				CLANG_WARN_INT_CONVERSION = YES;
				CLANG_WARN_NON_LITERAL_NULL_CONVERSION = YES;
				CLANG_WARN_OBJC_IMPLICIT_RETAIN_SELF = YES;
				CLANG_WARN_OBJC_LITERAL_CONVERSION = YES;
				CLANG_WARN_OBJC_ROOT_CLASS = YES_ERROR;
				CLANG_WARN_QUOTED_INCLUDE_IN_FRAMEWORK_HEADER = YES;
				CLANG_WARN_RANGE_LOOP_ANALYSIS = YES;
				CLANG_WARN_STRICT_PROTOTYPES = YES;
				CLANG_WARN_SUSPICIOUS_MOVE = YES;
				CLANG_WARN_UNGUARDED_AVAILABILITY = YES_AGGRESSIVE;
				CLANG_WARN_UNREACHABLE_CODE = YES;
				CLANG_WARN__DUPLICATE_METHOD_MATCH = YES;
				COPY_PHASE_STRIP = NO;
				DEBUG_INFORMATION_FORMAT = "dwarf-with-dsym";
				ENABLE_NS_ASSERTIONS = NO;
				ENABLE_STRICT_OBJC_MSGSEND = YES;
				GCC_C_LANGUAGE_STANDARD = gnu11;
				GCC_NO_COMMON_BLOCKS = YES;
				GCC_WARN_64_TO_32_BIT_CONVERSION = YES;
				GCC_WARN_ABOUT_RETURN_TYPE = YES_ERROR;
				GCC_WARN_UNDECLARED_SELECTOR = YES;
				GCC_WARN_UNINITIALIZED_AUTOS = YES_AGGRESSIVE;
				GCC_WARN_UNUSED_FUNCTION = YES;
				GCC_WARN_UNUSED_VARIABLE = YES;
				IPHONEOS_DEPLOYMENT_TARGET = 14.2;
				MTL_ENABLE_DEBUG_INFO = NO;
				MTL_FAST_MATH = YES;
				SDKROOT = iphoneos;
				SWIFT_COMPILATION_MODE = wholemodule;
				SWIFT_OPTIMIZATION_LEVEL = "-O";
				VALIDATE_PRODUCT = YES;
			};
			name = Release;
		};
		C91EEE7525A6294B00D8A13E /* Debug */ = {
			isa = XCBuildConfiguration;
			buildSettings = {
				ASSETCATALOG_COMPILER_APPICON_NAME = AppIcon;
				ASSETCATALOG_COMPILER_GLOBAL_ACCENT_COLOR_NAME = AccentColor;
				CODE_SIGN_STYLE = Automatic;
				DEVELOPMENT_ASSET_PATHS = "\"CustomSwiftUIPager/Preview Content\"";
				DEVELOPMENT_TEAM = 7U8H9SK8NB;
				ENABLE_PREVIEWS = YES;
				INFOPLIST_FILE = CustomSwiftUIPager/Info.plist;
				IPHONEOS_DEPLOYMENT_TARGET = 14.0;
				LD_RUNPATH_SEARCH_PATHS = (
					"$(inherited)",
					"@executable_path/Frameworks",
				);
				PRODUCT_BUNDLE_IDENTIFIER = com.andrasPal.CustomSwiftUIPager;
				PRODUCT_NAME = "$(TARGET_NAME)";
				SWIFT_VERSION = 5.0;
				TARGETED_DEVICE_FAMILY = "1,2";
			};
			name = Debug;
		};
		C91EEE7625A6294B00D8A13E /* Release */ = {
			isa = XCBuildConfiguration;
			buildSettings = {
				ASSETCATALOG_COMPILER_APPICON_NAME = AppIcon;
				ASSETCATALOG_COMPILER_GLOBAL_ACCENT_COLOR_NAME = AccentColor;
				CODE_SIGN_STYLE = Automatic;
				DEVELOPMENT_ASSET_PATHS = "\"CustomSwiftUIPager/Preview Content\"";
				DEVELOPMENT_TEAM = 7U8H9SK8NB;
				ENABLE_PREVIEWS = YES;
				INFOPLIST_FILE = CustomSwiftUIPager/Info.plist;
				IPHONEOS_DEPLOYMENT_TARGET = 14.0;
				LD_RUNPATH_SEARCH_PATHS = (
					"$(inherited)",
					"@executable_path/Frameworks",
				);
				PRODUCT_BUNDLE_IDENTIFIER = com.andrasPal.CustomSwiftUIPager;
				PRODUCT_NAME = "$(TARGET_NAME)";
				SWIFT_VERSION = 5.0;
				TARGETED_DEVICE_FAMILY = "1,2";
			};
			name = Release;
		};
/* End XCBuildConfiguration section */

/* Begin XCConfigurationList section */
		C91EEE6025A6294800D8A13E /* Build configuration list for PBXProject "CustomSwiftUIPager" */ = {
			isa = XCConfigurationList;
			buildConfigurations = (
				C91EEE7225A6294B00D8A13E /* Debug */,
				C91EEE7325A6294B00D8A13E /* Release */,
			);
			defaultConfigurationIsVisible = 0;
			defaultConfigurationName = Release;
		};
		C91EEE7425A6294B00D8A13E /* Build configuration list for PBXNativeTarget "CustomSwiftUIPager" */ = {
			isa = XCConfigurationList;
			buildConfigurations = (
				C91EEE7525A6294B00D8A13E /* Debug */,
				C91EEE7625A6294B00D8A13E /* Release */,
			);
			defaultConfigurationIsVisible = 0;
			defaultConfigurationName = Release;
		};
/* End XCConfigurationList section */
	};
	rootObject = C91EEE5D25A6294800D8A13E /* Project object */;
}
